
Microsoft Visual Studio Solution File, Format Version 12.00
# Visual Studio Version 17
VisualStudioVersion = 17.2.32630.192
MinimumVisualStudioVersion = 10.0.40219.1
Project("{FAE04EC0-301F-11D3-BF4B-00C04F79EFBC}") = "eTicketing", "eTicketing\eTicketing.csproj", "{F88F87FD-6632-4AD6-B588-6C4A6D55F352}"
EndProject
Global
	GlobalSection(SolutionConfigurationPlatforms) = preSolution
		Debug|Any CPU = Debug|Any CPU
		Release|Any CPU = Release|Any CPU
	EndGlobalSection
	GlobalSection(ProjectConfigurationPlatforms) = postSolution
		{F88F87FD-6632-4AD6-B588-6C4A6D55F352}.Debug|Any CPU.ActiveCfg = Debug|Any CPU
		{F88F87FD-6632-4AD6-B588-6C4A6D55F352}.Debug|Any CPU.Build.0 = Debug|Any CPU
		{F88F87FD-6632-4AD6-B588-6C4A6D55F352}.Release|Any CPU.ActiveCfg = Release|Any CPU
		{F88F87FD-6632-4AD6-B588-6C4A6D55F352}.Release|Any CPU.Build.0 = Release|Any CPU
	EndGlobalSection
	GlobalSection(SolutionProperties) = preSolution
		HideSolutionNode = FALSE
	EndGlobalSection
	GlobalSection(ExtensibilityGlobals) = postSolution
		SolutionGuid = {B859157B-793C-4571-A14B-328E91A01ED3}
	EndGlobalSection
EndGlobal
